
Microsoft Visual Studio Solution File, Format Version 12.00
# Visual Studio Version 16
VisualStudioVersion = 16.0.30907.101
MinimumVisualStudioVersion = 10.0.40219.1
Project("{FAE04EC0-301F-11D3-BF4B-00C04F79EFBC}") = "Practice4", "Practice4\Practice4.csproj", "{6A603ACA-FD0F-472E-A6CB-5302057BCD8C}"
EndProject
Global
	GlobalSection(SolutionConfigurationPlatforms) = preSolution
		Debug|Any CPU = Debug|Any CPU
		Release|Any CPU = Release|Any CPU
	EndGlobalSection
	GlobalSection(ProjectConfigurationPlatforms) = postSolution
		{6A603ACA-FD0F-472E-A6CB-5302057BCD8C}.Debug|Any CPU.ActiveCfg = Debug|Any CPU
		{6A603ACA-FD0F-472E-A6CB-5302057BCD8C}.Debug|Any CPU.Build.0 = Debug|Any CPU
		{6A603ACA-FD0F-472E-A6CB-5302057BCD8C}.Release|Any CPU.ActiveCfg = Release|Any CPU
		{6A603ACA-FD0F-472E-A6CB-5302057BCD8C}.Release|Any CPU.Build.0 = Release|Any CPU
	EndGlobalSection
	GlobalSection(SolutionProperties) = preSolution
		HideSolutionNode = FALSE
	EndGlobalSection
	GlobalSection(ExtensibilityGlobals) = postSolution
		SolutionGuid = {1B5A595B-029B-4002-BC1D-0295636435A5}
	EndGlobalSection
EndGlobal
